// !$*UTF8*$!
{
	archiveVersion = 1;
	classes = {
	};
	objectVersion = 50;
	objects = {

/* Begin PBXBuildFile section */
		63061EEC24BF65A10020AF0A /* AddCardViewController.swift in Sources */ = {isa = PBXBuildFile; fileRef = 63061EEB24BF65A10020AF0A /* AddCardViewController.swift */; };
		634AA0AA24BE2C5200FDD1A6 /* AppDelegate.swift in Sources */ = {isa = PBXBuildFile; fileRef = 634AA0A924BE2C5200FDD1A6 /* AppDelegate.swift */; };
		634AA0AC24BE2C5200FDD1A6 /* SceneDelegate.swift in Sources */ = {isa = PBXBuildFile; fileRef = 634AA0AB24BE2C5200FDD1A6 /* SceneDelegate.swift */; };
		634AA0B324BE2C5200FDD1A6 /* Assets.xcassets in Resources */ = {isa = PBXBuildFile; fileRef = 634AA0B224BE2C5200FDD1A6 /* Assets.xcassets */; };
		634AA0B624BE2C5200FDD1A6 /* LaunchScreen.storyboard in Resources */ = {isa = PBXBuildFile; fileRef = 634AA0B424BE2C5200FDD1A6 /* LaunchScreen.storyboard */; };
		634AA0C024BE2CFC00FDD1A6 /* StudyModeViewController.swift in Sources */ = {isa = PBXBuildFile; fileRef = 634AA0BF24BE2CFC00FDD1A6 /* StudyModeViewController.swift */; };
		634AA0C624BE2D7400FDD1A6 /* StudyBuddie.xcdatamodeld in Sources */ = {isa = PBXBuildFile; fileRef = 634AA0C424BE2D7400FDD1A6 /* StudyBuddie.xcdatamodeld */; };
		634AA0CA24BE305100FDD1A6 /* NoteController.swift in Sources */ = {isa = PBXBuildFile; fileRef = 634AA0C924BE305100FDD1A6 /* NoteController.swift */; };
		634AA0CC24BE307C00FDD1A6 /* CoreDataCloudKitStack.swift in Sources */ = {isa = PBXBuildFile; fileRef = 634AA0CB24BE307C00FDD1A6 /* CoreDataCloudKitStack.swift */; };
		634AA0CE24BE31AE00FDD1A6 /* NSManaged+Convenience.swift in Sources */ = {isa = PBXBuildFile; fileRef = 634AA0CD24BE31AE00FDD1A6 /* NSManaged+Convenience.swift */; };
		63676DCD24DDAD6C00A437FC /* CardView.swift in Sources */ = {isa = PBXBuildFile; fileRef = 63676DCC24DDAD6C00A437FC /* CardView.swift */; };
		63676DCF24DDB56400A437FC /* Color+Ext.swift in Sources */ = {isa = PBXBuildFile; fileRef = 63676DCE24DDB56400A437FC /* Color+Ext.swift */; };
		63676DD324DDC88B00A437FC /* Keychain.swift in Sources */ = {isa = PBXBuildFile; fileRef = 63676DD224DDC88B00A437FC /* Keychain.swift */; };
		6368FCF1250FB82E00C9D0D7 /* UIScrollView+Ext.swift in Sources */ = {isa = PBXBuildFile; fileRef = 6368FCF0250FB82E00C9D0D7 /* UIScrollView+Ext.swift */; };
		639BEA9F24D9BC2A00168DC0 /* TextViewPopoverViewController.swift in Sources */ = {isa = PBXBuildFile; fileRef = 639BEA9E24D9BC2A00168DC0 /* TextViewPopoverViewController.swift */; };
		63AA78D524D8F3F4009FD9E9 /* AddCategoryViewController.swift in Sources */ = {isa = PBXBuildFile; fileRef = 63AA78D424D8F3F4009FD9E9 /* AddCategoryViewController.swift */; };
		63AA78D724D901ED009FD9E9 /* EmptyView.swift in Sources */ = {isa = PBXBuildFile; fileRef = 63AA78D624D901ED009FD9E9 /* EmptyView.swift */; };
		63B4031924DB619A00E4477B /* CloudKit.framework in Frameworks */ = {isa = PBXBuildFile; fileRef = 63B4031824DB619A00E4477B /* CloudKit.framework */; };
		63D3DEE924D8A037002088BC /* CategoryTableViewController.swift in Sources */ = {isa = PBXBuildFile; fileRef = 63D3DEE824D8A037002088BC /* CategoryTableViewController.swift */; };
		63D3DEEB24D8A21C002088BC /* CategoryCell.swift in Sources */ = {isa = PBXBuildFile; fileRef = 63D3DEEA24D8A21C002088BC /* CategoryCell.swift */; };
		63E274DD250FAB0C00357D45 /* GradientView.swift in Sources */ = {isa = PBXBuildFile; fileRef = 63E274DC250FAB0C00357D45 /* GradientView.swift */; };
/* End PBXBuildFile section */

/* Begin PBXFileReference section */
		63061EEB24BF65A10020AF0A /* AddCardViewController.swift */ = {isa = PBXFileReference; lastKnownFileType = sourcecode.swift; path = AddCardViewController.swift; sourceTree = "<group>"; };
		634AA0A624BE2C5200FDD1A6 /* Study Buddie.app */ = {isa = PBXFileReference; explicitFileType = wrapper.application; includeInIndex = 0; path = "Study Buddie.app"; sourceTree = BUILT_PRODUCTS_DIR; };
		634AA0A924BE2C5200FDD1A6 /* AppDelegate.swift */ = {isa = PBXFileReference; lastKnownFileType = sourcecode.swift; path = AppDelegate.swift; sourceTree = "<group>"; };
		634AA0AB24BE2C5200FDD1A6 /* SceneDelegate.swift */ = {isa = PBXFileReference; lastKnownFileType = sourcecode.swift; path = SceneDelegate.swift; sourceTree = "<group>"; };
		634AA0B224BE2C5200FDD1A6 /* Assets.xcassets */ = {isa = PBXFileReference; lastKnownFileType = folder.assetcatalog; path = Assets.xcassets; sourceTree = "<group>"; };
		634AA0B524BE2C5200FDD1A6 /* Base */ = {isa = PBXFileReference; lastKnownFileType = file.storyboard; name = Base; path = Base.lproj/LaunchScreen.storyboard; sourceTree = "<group>"; };
		634AA0B724BE2C5200FDD1A6 /* Info.plist */ = {isa = PBXFileReference; lastKnownFileType = text.plist.xml; path = Info.plist; sourceTree = "<group>"; };
		634AA0BF24BE2CFC00FDD1A6 /* StudyModeViewController.swift */ = {isa = PBXFileReference; lastKnownFileType = sourcecode.swift; path = StudyModeViewController.swift; sourceTree = "<group>"; };
		634AA0C524BE2D7400FDD1A6 /* StudyNotes.xcdatamodel */ = {isa = PBXFileReference; lastKnownFileType = wrapper.xcdatamodel; path = StudyNotes.xcdatamodel; sourceTree = "<group>"; };
		634AA0C924BE305100FDD1A6 /* NoteController.swift */ = {isa = PBXFileReference; lastKnownFileType = sourcecode.swift; path = NoteController.swift; sourceTree = "<group>"; };
		634AA0CB24BE307C00FDD1A6 /* CoreDataCloudKitStack.swift */ = {isa = PBXFileReference; lastKnownFileType = sourcecode.swift; path = CoreDataCloudKitStack.swift; sourceTree = "<group>"; };
		634AA0CD24BE31AE00FDD1A6 /* NSManaged+Convenience.swift */ = {isa = PBXFileReference; lastKnownFileType = sourcecode.swift; path = "NSManaged+Convenience.swift"; sourceTree = "<group>"; };
		63676DCC24DDAD6C00A437FC /* CardView.swift */ = {isa = PBXFileReference; lastKnownFileType = sourcecode.swift; path = CardView.swift; sourceTree = "<group>"; };
		63676DCE24DDB56400A437FC /* Color+Ext.swift */ = {isa = PBXFileReference; lastKnownFileType = sourcecode.swift; path = "Color+Ext.swift"; sourceTree = "<group>"; };
		63676DD224DDC88B00A437FC /* Keychain.swift */ = {isa = PBXFileReference; lastKnownFileType = sourcecode.swift; path = Keychain.swift; sourceTree = "<group>"; };
		6368FCF0250FB82E00C9D0D7 /* UIScrollView+Ext.swift */ = {isa = PBXFileReference; lastKnownFileType = sourcecode.swift; path = "UIScrollView+Ext.swift"; sourceTree = "<group>"; };
		639BEA9E24D9BC2A00168DC0 /* TextViewPopoverViewController.swift */ = {isa = PBXFileReference; lastKnownFileType = sourcecode.swift; path = TextViewPopoverViewController.swift; sourceTree = "<group>"; };
		63AA78D424D8F3F4009FD9E9 /* AddCategoryViewController.swift */ = {isa = PBXFileReference; lastKnownFileType = sourcecode.swift; path = AddCategoryViewController.swift; sourceTree = "<group>"; };
		63AA78D624D901ED009FD9E9 /* EmptyView.swift */ = {isa = PBXFileReference; lastKnownFileType = sourcecode.swift; path = EmptyView.swift; sourceTree = "<group>"; };
		63B4031624DB618900E4477B /* Study Buddie.entitlements */ = {isa = PBXFileReference; lastKnownFileType = text.plist.entitlements; path = "Study Buddie.entitlements"; sourceTree = "<group>"; };
		63B4031824DB619A00E4477B /* CloudKit.framework */ = {isa = PBXFileReference; lastKnownFileType = wrapper.framework; name = CloudKit.framework; path = System/Library/Frameworks/CloudKit.framework; sourceTree = SDKROOT; };
		63D3DEE824D8A037002088BC /* CategoryTableViewController.swift */ = {isa = PBXFileReference; lastKnownFileType = sourcecode.swift; path = CategoryTableViewController.swift; sourceTree = "<group>"; };
		63D3DEEA24D8A21C002088BC /* CategoryCell.swift */ = {isa = PBXFileReference; lastKnownFileType = sourcecode.swift; path = CategoryCell.swift; sourceTree = "<group>"; };
		63E274DC250FAB0C00357D45 /* GradientView.swift */ = {isa = PBXFileReference; lastKnownFileType = sourcecode.swift; path = GradientView.swift; sourceTree = "<group>"; };
/* End PBXFileReference section */

/* Begin PBXFrameworksBuildPhase section */
		634AA0A324BE2C5200FDD1A6 /* Frameworks */ = {
			isa = PBXFrameworksBuildPhase;
			buildActionMask = 2147483647;
			files = (
				63B4031924DB619A00E4477B /* CloudKit.framework in Frameworks */,
			);
			runOnlyForDeploymentPostprocessing = 0;
		};
/* End PBXFrameworksBuildPhase section */

/* Begin PBXGroup section */
		634AA09D24BE2C5200FDD1A6 = {
			isa = PBXGroup;
			children = (
				634AA0A824BE2C5200FDD1A6 /* Study Buddie */,
				634AA0A724BE2C5200FDD1A6 /* Products */,
				63B4031724DB619A00E4477B /* Frameworks */,
			);
			sourceTree = "<group>";
		};
		634AA0A724BE2C5200FDD1A6 /* Products */ = {
			isa = PBXGroup;
			children = (
				634AA0A624BE2C5200FDD1A6 /* Study Buddie.app */,
			);
			name = Products;
			sourceTree = "<group>";
		};
		634AA0A824BE2C5200FDD1A6 /* Study Buddie */ = {
			isa = PBXGroup;
			children = (
				63B4031624DB618900E4477B /* Study Buddie.entitlements */,
				634AA0C324BE2D6100FDD1A6 /* Model */,
				634AA0C124BE2D5100FDD1A6 /* View */,
				634AA0BE24BE2CED00FDD1A6 /* Controller */,
				634AA0BD24BE2C6B00FDD1A6 /* Support */,
			);
			path = "Study Buddie";
			sourceTree = "<group>";
		};
		634AA0BD24BE2C6B00FDD1A6 /* Support */ = {
			isa = PBXGroup;
			children = (
				63676DD124DDC86D00A437FC /* Helpers */,
				63676DD024DDB56A00A437FC /* Extensions */,
				634AA0A924BE2C5200FDD1A6 /* AppDelegate.swift */,
				634AA0AB24BE2C5200FDD1A6 /* SceneDelegate.swift */,
				634AA0B224BE2C5200FDD1A6 /* Assets.xcassets */,
				634AA0B724BE2C5200FDD1A6 /* Info.plist */,
			);
			path = Support;
			sourceTree = "<group>";
		};
		634AA0BE24BE2CED00FDD1A6 /* Controller */ = {
			isa = PBXGroup;
			children = (
				634AA0C824BE304100FDD1A6 /* View Controllers */,
				634AA0C724BE303500FDD1A6 /* Model Controller */,
			);
			path = Controller;
			sourceTree = "<group>";
		};
		634AA0C124BE2D5100FDD1A6 /* View */ = {
			isa = PBXGroup;
			children = (
				63D3DEE524D8553F002088BC /* Custom Views */,
				634AA0C224BE2D5600FDD1A6 /* Storyboards */,
			);
			path = View;
			sourceTree = "<group>";
		};
		634AA0C224BE2D5600FDD1A6 /* Storyboards */ = {
			isa = PBXGroup;
			children = (
				634AA0B424BE2C5200FDD1A6 /* LaunchScreen.storyboard */,
			);
			path = Storyboards;
			sourceTree = "<group>";
		};
		634AA0C324BE2D6100FDD1A6 /* Model */ = {
			isa = PBXGroup;
			children = (
				634AA0C424BE2D7400FDD1A6 /* StudyBuddie.xcdatamodeld */,
				634AA0CB24BE307C00FDD1A6 /* CoreDataCloudKitStack.swift */,
				634AA0CD24BE31AE00FDD1A6 /* NSManaged+Convenience.swift */,
			);
			path = Model;
			sourceTree = "<group>";
		};
		634AA0C724BE303500FDD1A6 /* Model Controller */ = {
			isa = PBXGroup;
			children = (
				634AA0C924BE305100FDD1A6 /* NoteController.swift */,
			);
			path = "Model Controller";
			sourceTree = "<group>";
		};
		634AA0C824BE304100FDD1A6 /* View Controllers */ = {
			isa = PBXGroup;
			children = (
				634AA0BF24BE2CFC00FDD1A6 /* StudyModeViewController.swift */,
				63061EEB24BF65A10020AF0A /* AddCardViewController.swift */,
				63D3DEE824D8A037002088BC /* CategoryTableViewController.swift */,
				63AA78D424D8F3F4009FD9E9 /* AddCategoryViewController.swift */,
				639BEA9E24D9BC2A00168DC0 /* TextViewPopoverViewController.swift */,
			);
			path = "View Controllers";
			sourceTree = "<group>";
		};
		63676DD024DDB56A00A437FC /* Extensions */ = {
			isa = PBXGroup;
			children = (
				63676DCE24DDB56400A437FC /* Color+Ext.swift */,
				6368FCF0250FB82E00C9D0D7 /* UIScrollView+Ext.swift */,
			);
			path = Extensions;
			sourceTree = "<group>";
		};
		63676DD124DDC86D00A437FC /* Helpers */ = {
			isa = PBXGroup;
			children = (
				63676DD224DDC88B00A437FC /* Keychain.swift */,
			);
			path = Helpers;
			sourceTree = "<group>";
		};
		63B4031724DB619A00E4477B /* Frameworks */ = {
			isa = PBXGroup;
			children = (
				63B4031824DB619A00E4477B /* CloudKit.framework */,
			);
			name = Frameworks;
			sourceTree = "<group>";
		};
		63D3DEE524D8553F002088BC /* Custom Views */ = {
			isa = PBXGroup;
			children = (
				63D3DEEA24D8A21C002088BC /* CategoryCell.swift */,
				63AA78D624D901ED009FD9E9 /* EmptyView.swift */,
				63676DCC24DDAD6C00A437FC /* CardView.swift */,
				63E274DC250FAB0C00357D45 /* GradientView.swift */,
			);
			path = "Custom Views";
			sourceTree = "<group>";
		};
/* End PBXGroup section */

/* Begin PBXNativeTarget section */
		634AA0A524BE2C5200FDD1A6 /* Study Buddie */ = {
			isa = PBXNativeTarget;
			buildConfigurationList = 634AA0BA24BE2C5200FDD1A6 /* Build configuration list for PBXNativeTarget "Study Buddie" */;
			buildPhases = (
				634AA0A224BE2C5200FDD1A6 /* Sources */,
				634AA0A324BE2C5200FDD1A6 /* Frameworks */,
				634AA0A424BE2C5200FDD1A6 /* Resources */,
			);
			buildRules = (
			);
			dependencies = (
			);
			name = "Study Buddie";
			productName = "Study Notes";
			productReference = 634AA0A624BE2C5200FDD1A6 /* Study Buddie.app */;
			productType = "com.apple.product-type.application";
		};
/* End PBXNativeTarget section */

/* Begin PBXProject section */
		634AA09E24BE2C5200FDD1A6 /* Project object */ = {
			isa = PBXProject;
			attributes = {
				LastSwiftUpdateCheck = 1200;
				LastUpgradeCheck = 1200;
				TargetAttributes = {
					634AA0A524BE2C5200FDD1A6 = {
						CreatedOnToolsVersion = 12.0;
					};
				};
			};
			buildConfigurationList = 634AA0A124BE2C5200FDD1A6 /* Build configuration list for PBXProject "Study Buddie" */;
			compatibilityVersion = "Xcode 9.3";
			developmentRegion = en;
			hasScannedForEncodings = 0;
			knownRegions = (
				en,
				Base,
			);
			mainGroup = 634AA09D24BE2C5200FDD1A6;
			productRefGroup = 634AA0A724BE2C5200FDD1A6 /* Products */;
			projectDirPath = "";
			projectRoot = "";
			targets = (
				634AA0A524BE2C5200FDD1A6 /* Study Buddie */,
			);
		};
/* End PBXProject section */

/* Begin PBXResourcesBuildPhase section */
		634AA0A424BE2C5200FDD1A6 /* Resources */ = {
			isa = PBXResourcesBuildPhase;
			buildActionMask = 2147483647;
			files = (
				634AA0B624BE2C5200FDD1A6 /* LaunchScreen.storyboard in Resources */,
				634AA0B324BE2C5200FDD1A6 /* Assets.xcassets in Resources */,
			);
			runOnlyForDeploymentPostprocessing = 0;
		};
/* End PBXResourcesBuildPhase section */

/* Begin PBXSourcesBuildPhase section */
		634AA0A224BE2C5200FDD1A6 /* Sources */ = {
			isa = PBXSourcesBuildPhase;
			buildActionMask = 2147483647;
			files = (
				63061EEC24BF65A10020AF0A /* AddCardViewController.swift in Sources */,
				63676DCD24DDAD6C00A437FC /* CardView.swift in Sources */,
				63AA78D724D901ED009FD9E9 /* EmptyView.swift in Sources */,
				63676DCF24DDB56400A437FC /* Color+Ext.swift in Sources */,
				63676DD324DDC88B00A437FC /* Keychain.swift in Sources */,
				63E274DD250FAB0C00357D45 /* GradientView.swift in Sources */,
				634AA0C024BE2CFC00FDD1A6 /* StudyModeViewController.swift in Sources */,
				639BEA9F24D9BC2A00168DC0 /* TextViewPopoverViewController.swift in Sources */,
				634AA0CE24BE31AE00FDD1A6 /* NSManaged+Convenience.swift in Sources */,
				634AA0C624BE2D7400FDD1A6 /* StudyBuddie.xcdatamodeld in Sources */,
				634AA0AA24BE2C5200FDD1A6 /* AppDelegate.swift in Sources */,
				634AA0CC24BE307C00FDD1A6 /* CoreDataCloudKitStack.swift in Sources */,
				63D3DEE924D8A037002088BC /* CategoryTableViewController.swift in Sources */,
				63AA78D524D8F3F4009FD9E9 /* AddCategoryViewController.swift in Sources */,
				634AA0AC24BE2C5200FDD1A6 /* SceneDelegate.swift in Sources */,
				634AA0CA24BE305100FDD1A6 /* NoteController.swift in Sources */,
				63D3DEEB24D8A21C002088BC /* CategoryCell.swift in Sources */,
				6368FCF1250FB82E00C9D0D7 /* UIScrollView+Ext.swift in Sources */,
			);
			runOnlyForDeploymentPostprocessing = 0;
		};
/* End PBXSourcesBuildPhase section */

/* Begin PBXVariantGroup section */
		634AA0B424BE2C5200FDD1A6 /* LaunchScreen.storyboard */ = {
			isa = PBXVariantGroup;
			children = (
				634AA0B524BE2C5200FDD1A6 /* Base */,
			);
			name = LaunchScreen.storyboard;
			sourceTree = "<group>";
		};
/* End PBXVariantGroup section */

/* Begin XCBuildConfiguration section */
		634AA0B824BE2C5200FDD1A6 /* Debug */ = {
			isa = XCBuildConfiguration;
			buildSettings = {
				ALWAYS_SEARCH_USER_PATHS = NO;
				CLANG_ANALYZER_NONNULL = YES;
				CLANG_ANALYZER_NUMBER_OBJECT_CONVERSION = YES_AGGRESSIVE;
				CLANG_CXX_LANGUAGE_STANDARD = "gnu++14";
				CLANG_CXX_LIBRARY = "libc++";
				CLANG_ENABLE_MODULES = YES;
				CLANG_ENABLE_OBJC_ARC = YES;
				CLANG_ENABLE_OBJC_WEAK = YES;
				CLANG_WARN_BLOCK_CAPTURE_AUTORELEASING = YES;
				CLANG_WARN_BOOL_CONVERSION = YES;
				CLANG_WARN_COMMA = YES;
				CLANG_WARN_CONSTANT_CONVERSION = YES;
				CLANG_WARN_DEPRECATED_OBJC_IMPLEMENTATIONS = YES;
				CLANG_WARN_DIRECT_OBJC_ISA_USAGE = YES_ERROR;
				CLANG_WARN_DOCUMENTATION_COMMENTS = YES;
				CLANG_WARN_EMPTY_BODY = YES;
				CLANG_WARN_ENUM_CONVERSION = YES;
				CLANG_WARN_INFINITE_RECURSION = YES;
				CLANG_WARN_INT_CONVERSION = YES;
				CLANG_WARN_NON_LITERAL_NULL_CONVERSION = YES;
				CLANG_WARN_OBJC_IMPLICIT_RETAIN_SELF = YES;
				CLANG_WARN_OBJC_LITERAL_CONVERSION = YES;
				CLANG_WARN_OBJC_ROOT_CLASS = YES_ERROR;
				CLANG_WARN_QUOTED_INCLUDE_IN_FRAMEWORK_HEADER = YES;
				CLANG_WARN_RANGE_LOOP_ANALYSIS = YES;
				CLANG_WARN_STRICT_PROTOTYPES = YES;
				CLANG_WARN_SUSPICIOUS_MOVE = YES;
				CLANG_WARN_UNGUARDED_AVAILABILITY = YES_AGGRESSIVE;
				CLANG_WARN_UNREACHABLE_CODE = YES;
				CLANG_WARN__DUPLICATE_METHOD_MATCH = YES;
				COPY_PHASE_STRIP = NO;
				DEBUG_INFORMATION_FORMAT = dwarf;
				ENABLE_STRICT_OBJC_MSGSEND = YES;
				ENABLE_TESTABILITY = YES;
				GCC_C_LANGUAGE_STANDARD = gnu11;
				GCC_DYNAMIC_NO_PIC = NO;
				GCC_NO_COMMON_BLOCKS = YES;
				GCC_OPTIMIZATION_LEVEL = 0;
				GCC_PREPROCESSOR_DEFINITIONS = (
					"DEBUG=1",
					"$(inherited)",
				);
				GCC_WARN_64_TO_32_BIT_CONVERSION = YES;
				GCC_WARN_ABOUT_RETURN_TYPE = YES_ERROR;
				GCC_WARN_UNDECLARED_SELECTOR = YES;
				GCC_WARN_UNINITIALIZED_AUTOS = YES_AGGRESSIVE;
				GCC_WARN_UNUSED_FUNCTION = YES;
				GCC_WARN_UNUSED_VARIABLE = YES;
				IPHONEOS_DEPLOYMENT_TARGET = 14.0;
				MTL_ENABLE_DEBUG_INFO = INCLUDE_SOURCE;
				MTL_FAST_MATH = YES;
				ONLY_ACTIVE_ARCH = YES;
				SDKROOT = iphoneos;
				SWIFT_ACTIVE_COMPILATION_CONDITIONS = DEBUG;
				SWIFT_OPTIMIZATION_LEVEL = "-Onone";
			};
			name = Debug;
		};
		634AA0B924BE2C5200FDD1A6 /* Release */ = {
			isa = XCBuildConfiguration;
			buildSettings = {
				ALWAYS_SEARCH_USER_PATHS = NO;
				CLANG_ANALYZER_NONNULL = YES;
				CLANG_ANALYZER_NUMBER_OBJECT_CONVERSION = YES_AGGRESSIVE;
				CLANG_CXX_LANGUAGE_STANDARD = "gnu++14";
				CLANG_CXX_LIBRARY = "libc++";
				CLANG_ENABLE_MODULES = YES;
				CLANG_ENABLE_OBJC_ARC = YES;
				CLANG_ENABLE_OBJC_WEAK = YES;
				CLANG_WARN_BLOCK_CAPTURE_AUTORELEASING = YES;
				CLANG_WARN_BOOL_CONVERSION = YES;
				CLANG_WARN_COMMA = YES;
				CLANG_WARN_CONSTANT_CONVERSION = YES;
				CLANG_WARN_DEPRECATED_OBJC_IMPLEMENTATIONS = YES;
				CLANG_WARN_DIRECT_OBJC_ISA_USAGE = YES_ERROR;
				CLANG_WARN_DOCUMENTATION_COMMENTS = YES;
				CLANG_WARN_EMPTY_BODY = YES;
				CLANG_WARN_ENUM_CONVERSION = YES;
				CLANG_WARN_INFINITE_RECURSION = YES;
				CLANG_WARN_INT_CONVERSION = YES;
				CLANG_WARN_NON_LITERAL_NULL_CONVERSION = YES;
				CLANG_WARN_OBJC_IMPLICIT_RETAIN_SELF = YES;
				CLANG_WARN_OBJC_LITERAL_CONVERSION = YES;
				CLANG_WARN_OBJC_ROOT_CLASS = YES_ERROR;
				CLANG_WARN_QUOTED_INCLUDE_IN_FRAMEWORK_HEADER = YES;
				CLANG_WARN_RANGE_LOOP_ANALYSIS = YES;
				CLANG_WARN_STRICT_PROTOTYPES = YES;
				CLANG_WARN_SUSPICIOUS_MOVE = YES;
				CLANG_WARN_UNGUARDED_AVAILABILITY = YES_AGGRESSIVE;
				CLANG_WARN_UNREACHABLE_CODE = YES;
				CLANG_WARN__DUPLICATE_METHOD_MATCH = YES;
				COPY_PHASE_STRIP = NO;
				DEBUG_INFORMATION_FORMAT = "dwarf-with-dsym";
				ENABLE_NS_ASSERTIONS = NO;
				ENABLE_STRICT_OBJC_MSGSEND = YES;
				GCC_C_LANGUAGE_STANDARD = gnu11;
				GCC_NO_COMMON_BLOCKS = YES;
				GCC_WARN_64_TO_32_BIT_CONVERSION = YES;
				GCC_WARN_ABOUT_RETURN_TYPE = YES_ERROR;
				GCC_WARN_UNDECLARED_SELECTOR = YES;
				GCC_WARN_UNINITIALIZED_AUTOS = YES_AGGRESSIVE;
				GCC_WARN_UNUSED_FUNCTION = YES;
				GCC_WARN_UNUSED_VARIABLE = YES;
				IPHONEOS_DEPLOYMENT_TARGET = 14.0;
				MTL_ENABLE_DEBUG_INFO = NO;
				MTL_FAST_MATH = YES;
				SDKROOT = iphoneos;
				SWIFT_COMPILATION_MODE = wholemodule;
				SWIFT_OPTIMIZATION_LEVEL = "-O";
				VALIDATE_PRODUCT = YES;
			};
			name = Release;
		};
		634AA0BB24BE2C5200FDD1A6 /* Debug */ = {
			isa = XCBuildConfiguration;
			buildSettings = {
				ASSETCATALOG_COMPILER_APPICON_NAME = AppIcon;
				ASSETCATALOG_COMPILER_GLOBAL_ACCENT_COLOR_NAME = AccentColor;
				CODE_SIGN_ENTITLEMENTS = "Study Buddie/Study Buddie.entitlements";
				CODE_SIGN_STYLE = Automatic;
				DEVELOPMENT_TEAM = P7DFWNNEL3;
				INFOPLIST_FILE = "Study Buddie/Support/Info.plist";
				LD_RUNPATH_SEARCH_PATHS = (
					"$(inherited)",
					"@executable_path/Frameworks",
				);
				PRODUCT_BUNDLE_IDENTIFIER = io.github.chadarutherford.StudyBuddie;
				PRODUCT_NAME = "$(TARGET_NAME)";
				SWIFT_VERSION = 5.0;
				TARGETED_DEVICE_FAMILY = "1,2";
			};
			name = Debug;
		};
		634AA0BC24BE2C5200FDD1A6 /* Release */ = {
			isa = XCBuildConfiguration;
			buildSettings = {
				ASSETCATALOG_COMPILER_APPICON_NAME = AppIcon;
				ASSETCATALOG_COMPILER_GLOBAL_ACCENT_COLOR_NAME = AccentColor;
				CODE_SIGN_ENTITLEMENTS = "Study Buddie/Study Buddie.entitlements";
				CODE_SIGN_STYLE = Automatic;
				DEVELOPMENT_TEAM = P7DFWNNEL3;
				INFOPLIST_FILE = "Study Buddie/Support/Info.plist";
				LD_RUNPATH_SEARCH_PATHS = (
					"$(inherited)",
					"@executable_path/Frameworks",
				);
				PRODUCT_BUNDLE_IDENTIFIER = io.github.chadarutherford.StudyBuddie;
				PRODUCT_NAME = "$(TARGET_NAME)";
				SWIFT_VERSION = 5.0;
				TARGETED_DEVICE_FAMILY = "1,2";
			};
			name = Release;
		};
/* End XCBuildConfiguration section */

/* Begin XCConfigurationList section */
		634AA0A124BE2C5200FDD1A6 /* Build configuration list for PBXProject "Study Buddie" */ = {
			isa = XCConfigurationList;
			buildConfigurations = (
				634AA0B824BE2C5200FDD1A6 /* Debug */,
				634AA0B924BE2C5200FDD1A6 /* Release */,
			);
			defaultConfigurationIsVisible = 0;
			defaultConfigurationName = Release;
		};
		634AA0BA24BE2C5200FDD1A6 /* Build configuration list for PBXNativeTarget "Study Buddie" */ = {
			isa = XCConfigurationList;
			buildConfigurations = (
				634AA0BB24BE2C5200FDD1A6 /* Debug */,
				634AA0BC24BE2C5200FDD1A6 /* Release */,
			);
			defaultConfigurationIsVisible = 0;
			defaultConfigurationName = Release;
		};
/* End XCConfigurationList section */

/* Begin XCVersionGroup section */
		634AA0C424BE2D7400FDD1A6 /* StudyBuddie.xcdatamodeld */ = {
			isa = XCVersionGroup;
			children = (
				634AA0C524BE2D7400FDD1A6 /* StudyNotes.xcdatamodel */,
			);
			currentVersion = 634AA0C524BE2D7400FDD1A6 /* StudyNotes.xcdatamodel */;
			path = StudyBuddie.xcdatamodeld;
			sourceTree = "<group>";
			versionGroupType = wrapper.xcdatamodel;
		};
/* End XCVersionGroup section */
	};
	rootObject = 634AA09E24BE2C5200FDD1A6 /* Project object */;
}
